# THIS IS AN AUTOGENERATED FILE. DO NOT EDIT THIS FILE DIRECTLY.
# yarn lockfile v1


cloudinary@^2.7.0:
  version "2.7.0"
  resolved "https://registry.yarnpkg.com/cloudinary/-/cloudinary-2.7.0.tgz#571572409493b9ccc1dd57df3ddbdf56b91072c9"
  integrity sha512-qrqDn31+qkMCzKu1GfRpzPNAO86jchcNwEHCUiqvPHNSFqu7FTNF9FuAkBUyvM1CFFgFPu64NT0DyeREwLwK0w==
  dependencies:
    lodash "^4.17.21"
    q "^1.5.1"

lodash@^4.17.21:
  version "4.17.21"
  resolved "https://registry.yarnpkg.com/lodash/-/lodash-4.17.21.tgz#679591c564c3bffaae8454cf0b3df370c3d6911c"
  integrity sha512-v2kDEe57lecTulaDIuNTPy3Ry4gLGJ6Z1O3vE1krgXZNrsQ+LFTGHVxVjcXPs17LhbZVGedAJv8XZ1tvj5FvSg==

q@^1.5.1:
  version "1.5.1"
  resolved "https://registry.yarnpkg.com/q/-/q-1.5.1.tgz#7e32f75b41381291d04611f1bf14109ac00651d7"
  integrity sha512-kV/CThkXo6xyFEZUugw/+pIOywXcDbFYgSct5cT3gqlbkBE1SJdwy6UQoZvodiWF/ckQLZyDE/Bu1M6gVu5lVw==
